// !$*UTF8*$!
{
	archiveVersion = 1;
	classes = {
	};
	objectVersion = 55;
	objects = {

/* Begin PBXBuildFile section */
		5A38F897275BBBF20079182F /* BullseyeApp.swift in Sources */ = {isa = PBXBuildFile; fileRef = 5A38F896275BBBF20079182F /* BullseyeApp.swift */; };
		5A38F899275BBBF20079182F /* ContentView.swift in Sources */ = {isa = PBXBuildFile; fileRef = 5A38F898275BBBF20079182F /* ContentView.swift */; };
		5A38F89B275BBBF30079182F /* Assets.xcassets in Resources */ = {isa = PBXBuildFile; fileRef = 5A38F89A275BBBF30079182F /* Assets.xcassets */; };
		5A38F89E275BBBF30079182F /* Preview Assets.xcassets in Resources */ = {isa = PBXBuildFile; fileRef = 5A38F89D275BBBF30079182F /* Preview Assets.xcassets */; };
		5A3DDA352761337E00A497E5 /* Game.swift in Sources */ = {isa = PBXBuildFile; fileRef = 5A3DDA342761337E00A497E5 /* Game.swift */; };
		5A88F959276A3E9E00514607 /* TextViews.swift in Sources */ = {isa = PBXBuildFile; fileRef = 5A88F958276A3E9E00514607 /* TextViews.swift */; };
		5A88F95B276A5B2000514607 /* RoundedViews.swift in Sources */ = {isa = PBXBuildFile; fileRef = 5A88F95A276A5B2000514607 /* RoundedViews.swift */; };
		5A88F95D276CD12000514607 /* BackgroundView.swift in Sources */ = {isa = PBXBuildFile; fileRef = 5A88F95C276CD12000514607 /* BackgroundView.swift */; };
		5AB322CC2762790200E50AEA /* BullseyeTests.swift in Sources */ = {isa = PBXBuildFile; fileRef = 5AB322CB2762790200E50AEA /* BullseyeTests.swift */; };
		5AB462E62785ED7400016B3D /* PointsView.swift in Sources */ = {isa = PBXBuildFile; fileRef = 5AB462E52785ED7400016B3D /* PointsView.swift */; };
		5AB462E8278607AB00016B3D /* Constants.swift in Sources */ = {isa = PBXBuildFile; fileRef = 5AB462E7278607AB00016B3D /* Constants.swift */; };
		5AB462EA2786AD2000016B3D /* LeaderboardView.swift in Sources */ = {isa = PBXBuildFile; fileRef = 5AB462E92786AD2000016B3D /* LeaderboardView.swift */; };
/* End PBXBuildFile section */

/* Begin PBXContainerItemProxy section */
		5AB322CD2762790200E50AEA /* PBXContainerItemProxy */ = {
			isa = PBXContainerItemProxy;
			containerPortal = 5A38F88B275BBBF20079182F /* Project object */;
			proxyType = 1;
			remoteGlobalIDString = 5A38F892275BBBF20079182F;
			remoteInfo = Bullseye;
		};
/* End PBXContainerItemProxy section */

/* Begin PBXFileReference section */
		5A38F893275BBBF20079182F /* Bull's Eye.app */ = {isa = PBXFileReference; explicitFileType = wrapper.application; includeInIndex = 0; path = "Bull's Eye.app"; sourceTree = BUILT_PRODUCTS_DIR; };
		5A38F896275BBBF20079182F /* BullseyeApp.swift */ = {isa = PBXFileReference; lastKnownFileType = sourcecode.swift; path = BullseyeApp.swift; sourceTree = "<group>"; };
		5A38F898275BBBF20079182F /* ContentView.swift */ = {isa = PBXFileReference; lastKnownFileType = sourcecode.swift; path = ContentView.swift; sourceTree = "<group>"; };
		5A38F89A275BBBF30079182F /* Assets.xcassets */ = {isa = PBXFileReference; lastKnownFileType = folder.assetcatalog; path = Assets.xcassets; sourceTree = "<group>"; };
		5A38F89D275BBBF30079182F /* Preview Assets.xcassets */ = {isa = PBXFileReference; lastKnownFileType = folder.assetcatalog; path = "Preview Assets.xcassets"; sourceTree = "<group>"; };
		5A3DDA342761337E00A497E5 /* Game.swift */ = {isa = PBXFileReference; lastKnownFileType = sourcecode.swift; path = Game.swift; sourceTree = "<group>"; };
		5A88F958276A3E9E00514607 /* TextViews.swift */ = {isa = PBXFileReference; lastKnownFileType = sourcecode.swift; path = TextViews.swift; sourceTree = "<group>"; };
		5A88F95A276A5B2000514607 /* RoundedViews.swift */ = {isa = PBXFileReference; lastKnownFileType = sourcecode.swift; path = RoundedViews.swift; sourceTree = "<group>"; };
		5A88F95C276CD12000514607 /* BackgroundView.swift */ = {isa = PBXFileReference; lastKnownFileType = sourcecode.swift; path = BackgroundView.swift; sourceTree = "<group>"; };
		5AB322C92762790200E50AEA /* BullseyeTests.xctest */ = {isa = PBXFileReference; explicitFileType = wrapper.cfbundle; includeInIndex = 0; path = BullseyeTests.xctest; sourceTree = BUILT_PRODUCTS_DIR; };
		5AB322CB2762790200E50AEA /* BullseyeTests.swift */ = {isa = PBXFileReference; lastKnownFileType = sourcecode.swift; path = BullseyeTests.swift; sourceTree = "<group>"; };
		5AB462E52785ED7400016B3D /* PointsView.swift */ = {isa = PBXFileReference; lastKnownFileType = sourcecode.swift; path = PointsView.swift; sourceTree = "<group>"; };
		5AB462E7278607AB00016B3D /* Constants.swift */ = {isa = PBXFileReference; lastKnownFileType = sourcecode.swift; path = Constants.swift; sourceTree = "<group>"; };
		5AB462E92786AD2000016B3D /* LeaderboardView.swift */ = {isa = PBXFileReference; lastKnownFileType = sourcecode.swift; path = LeaderboardView.swift; sourceTree = "<group>"; };
/* End PBXFileReference section */

/* Begin PBXFrameworksBuildPhase section */
		5A38F890275BBBF20079182F /* Frameworks */ = {
			isa = PBXFrameworksBuildPhase;
			buildActionMask = 2147483647;
			files = (
			);
			runOnlyForDeploymentPostprocessing = 0;
		};
		5AB322C62762790200E50AEA /* Frameworks */ = {
			isa = PBXFrameworksBuildPhase;
			buildActionMask = 2147483647;
			files = (
			);
			runOnlyForDeploymentPostprocessing = 0;
		};
/* End PBXFrameworksBuildPhase section */

/* Begin PBXGroup section */
		5A38F88A275BBBF20079182F = {
			isa = PBXGroup;
			children = (
				5A38F895275BBBF20079182F /* Bullseye */,
				5AB322CA2762790200E50AEA /* BullseyeTests */,
				5A38F894275BBBF20079182F /* Products */,
			);
			sourceTree = "<group>";
		};
		5A38F894275BBBF20079182F /* Products */ = {
			isa = PBXGroup;
			children = (
				5A38F893275BBBF20079182F /* Bull's Eye.app */,
				5AB322C92762790200E50AEA /* BullseyeTests.xctest */,
			);
			name = Products;
			sourceTree = "<group>";
		};
		5A38F895275BBBF20079182F /* Bullseye */ = {
			isa = PBXGroup;
			children = (
				5A3DDA33276130AA00A497E5 /* Models */,
				5A3DDA322761309700A497E5 /* Views */,
				5A38F896275BBBF20079182F /* BullseyeApp.swift */,
				5A38F89A275BBBF30079182F /* Assets.xcassets */,
				5A38F89C275BBBF30079182F /* Preview Content */,
			);
			path = Bullseye;
			sourceTree = "<group>";
		};
		5A38F89C275BBBF30079182F /* Preview Content */ = {
			isa = PBXGroup;
			children = (
				5A38F89D275BBBF30079182F /* Preview Assets.xcassets */,
			);
			path = "Preview Content";
			sourceTree = "<group>";
		};
		5A3DDA322761309700A497E5 /* Views */ = {
			isa = PBXGroup;
			children = (
				5A38F898275BBBF20079182F /* ContentView.swift */,
				5A88F958276A3E9E00514607 /* TextViews.swift */,
				5A88F95A276A5B2000514607 /* RoundedViews.swift */,
				5A88F95C276CD12000514607 /* BackgroundView.swift */,
				5AB462E52785ED7400016B3D /* PointsView.swift */,
				5AB462E92786AD2000016B3D /* LeaderboardView.swift */,
			);
			path = Views;
			sourceTree = "<group>";
		};
		5A3DDA33276130AA00A497E5 /* Models */ = {
			isa = PBXGroup;
			children = (
				5A3DDA342761337E00A497E5 /* Game.swift */,
				5AB462E7278607AB00016B3D /* Constants.swift */,
			);
			path = Models;
			sourceTree = "<group>";
		};
		5AB322CA2762790200E50AEA /* BullseyeTests */ = {
			isa = PBXGroup;
			children = (
				5AB322CB2762790200E50AEA /* BullseyeTests.swift */,
			);
			path = BullseyeTests;
			sourceTree = "<group>";
		};
/* End PBXGroup section */

/* Begin PBXNativeTarget section */
		5A38F892275BBBF20079182F /* Bullseye */ = {
			isa = PBXNativeTarget;
			buildConfigurationList = 5A38F8A1275BBBF30079182F /* Build configuration list for PBXNativeTarget "Bullseye" */;
			buildPhases = (
				5A38F88F275BBBF20079182F /* Sources */,
				5A38F890275BBBF20079182F /* Frameworks */,
				5A38F891275BBBF20079182F /* Resources */,
			);
			buildRules = (
			);
			dependencies = (
			);
			name = Bullseye;
			productName = Bullseye;
			productReference = 5A38F893275BBBF20079182F /* Bull's Eye.app */;
			productType = "com.apple.product-type.application";
		};
		5AB322C82762790200E50AEA /* BullseyeTests */ = {
			isa = PBXNativeTarget;
			buildConfigurationList = 5AB322D12762790200E50AEA /* Build configuration list for PBXNativeTarget "BullseyeTests" */;
			buildPhases = (
				5AB322C52762790200E50AEA /* Sources */,
				5AB322C62762790200E50AEA /* Frameworks */,
				5AB322C72762790200E50AEA /* Resources */,
			);
			buildRules = (
			);
			dependencies = (
				5AB322CE2762790200E50AEA /* PBXTargetDependency */,
			);
			name = BullseyeTests;
			productName = BullseyeTests;
			productReference = 5AB322C92762790200E50AEA /* BullseyeTests.xctest */;
			productType = "com.apple.product-type.bundle.unit-test";
		};
/* End PBXNativeTarget section */

/* Begin PBXProject section */
		5A38F88B275BBBF20079182F /* Project object */ = {
			isa = PBXProject;
			attributes = {
				BuildIndependentTargetsInParallel = 1;
				LastSwiftUpdateCheck = 1310;
				LastUpgradeCheck = 1310;
				TargetAttributes = {
					5A38F892275BBBF20079182F = {
						CreatedOnToolsVersion = 13.1;
					};
					5AB322C82762790200E50AEA = {
						CreatedOnToolsVersion = 13.1;
						TestTargetID = 5A38F892275BBBF20079182F;
					};
				};
			};
			buildConfigurationList = 5A38F88E275BBBF20079182F /* Build configuration list for PBXProject "Bullseye" */;
			compatibilityVersion = "Xcode 13.0";
			developmentRegion = en;
			hasScannedForEncodings = 0;
			knownRegions = (
				en,
				Base,
			);
			mainGroup = 5A38F88A275BBBF20079182F;
			productRefGroup = 5A38F894275BBBF20079182F /* Products */;
			projectDirPath = "";
			projectRoot = "";
			targets = (
				5A38F892275BBBF20079182F /* Bullseye */,
				5AB322C82762790200E50AEA /* BullseyeTests */,
			);
		};
/* End PBXProject section */

/* Begin PBXResourcesBuildPhase section */
		5A38F891275BBBF20079182F /* Resources */ = {
			isa = PBXResourcesBuildPhase;
			buildActionMask = 2147483647;
			files = (
				5A38F89E275BBBF30079182F /* Preview Assets.xcassets in Resources */,
				5A38F89B275BBBF30079182F /* Assets.xcassets in Resources */,
			);
			runOnlyForDeploymentPostprocessing = 0;
		};
		5AB322C72762790200E50AEA /* Resources */ = {
			isa = PBXResourcesBuildPhase;
			buildActionMask = 2147483647;
			files = (
			);
			runOnlyForDeploymentPostprocessing = 0;
		};
/* End PBXResourcesBuildPhase section */

/* Begin PBXSourcesBuildPhase section */
		5A38F88F275BBBF20079182F /* Sources */ = {
			isa = PBXSourcesBuildPhase;
			buildActionMask = 2147483647;
			files = (
				5A88F95D276CD12000514607 /* BackgroundView.swift in Sources */,
				5A38F899275BBBF20079182F /* ContentView.swift in Sources */,
				5A88F959276A3E9E00514607 /* TextViews.swift in Sources */,
				5AB462E8278607AB00016B3D /* Constants.swift in Sources */,
				5AB462EA2786AD2000016B3D /* LeaderboardView.swift in Sources */,
				5A88F95B276A5B2000514607 /* RoundedViews.swift in Sources */,
				5AB462E62785ED7400016B3D /* PointsView.swift in Sources */,
				5A3DDA352761337E00A497E5 /* Game.swift in Sources */,
				5A38F897275BBBF20079182F /* BullseyeApp.swift in Sources */,
			);
			runOnlyForDeploymentPostprocessing = 0;
		};
		5AB322C52762790200E50AEA /* Sources */ = {
			isa = PBXSourcesBuildPhase;
			buildActionMask = 2147483647;
			files = (
				5AB322CC2762790200E50AEA /* BullseyeTests.swift in Sources */,
			);
			runOnlyForDeploymentPostprocessing = 0;
		};
/* End PBXSourcesBuildPhase section */

/* Begin PBXTargetDependency section */
		5AB322CE2762790200E50AEA /* PBXTargetDependency */ = {
			isa = PBXTargetDependency;
			target = 5A38F892275BBBF20079182F /* Bullseye */;
			targetProxy = 5AB322CD2762790200E50AEA /* PBXContainerItemProxy */;
		};
/* End PBXTargetDependency section */

/* Begin XCBuildConfiguration section */
		5A38F89F275BBBF30079182F /* Debug */ = {
			isa = XCBuildConfiguration;
			buildSettings = {
				ALWAYS_SEARCH_USER_PATHS = NO;
				CLANG_ANALYZER_NONNULL = YES;
				CLANG_ANALYZER_NUMBER_OBJECT_CONVERSION = YES_AGGRESSIVE;
				CLANG_CXX_LANGUAGE_STANDARD = "gnu++17";
				CLANG_CXX_LIBRARY = "libc++";
				CLANG_ENABLE_MODULES = YES;
				CLANG_ENABLE_OBJC_ARC = YES;
				CLANG_ENABLE_OBJC_WEAK = YES;
				CLANG_WARN_BLOCK_CAPTURE_AUTORELEASING = YES;
				CLANG_WARN_BOOL_CONVERSION = YES;
				CLANG_WARN_COMMA = YES;
				CLANG_WARN_CONSTANT_CONVERSION = YES;
				CLANG_WARN_DEPRECATED_OBJC_IMPLEMENTATIONS = YES;
				CLANG_WARN_DIRECT_OBJC_ISA_USAGE = YES_ERROR;
				CLANG_WARN_DOCUMENTATION_COMMENTS = YES;
				CLANG_WARN_EMPTY_BODY = YES;
				CLANG_WARN_ENUM_CONVERSION = YES;
				CLANG_WARN_INFINITE_RECURSION = YES;
				CLANG_WARN_INT_CONVERSION = YES;
				CLANG_WARN_NON_LITERAL_NULL_CONVERSION = YES;
				CLANG_WARN_OBJC_IMPLICIT_RETAIN_SELF = YES;
				CLANG_WARN_OBJC_LITERAL_CONVERSION = YES;
				CLANG_WARN_OBJC_ROOT_CLASS = YES_ERROR;
				CLANG_WARN_QUOTED_INCLUDE_IN_FRAMEWORK_HEADER = YES;
				CLANG_WARN_RANGE_LOOP_ANALYSIS = YES;
				CLANG_WARN_STRICT_PROTOTYPES = YES;
				CLANG_WARN_SUSPICIOUS_MOVE = YES;
				CLANG_WARN_UNGUARDED_AVAILABILITY = YES_AGGRESSIVE;
				CLANG_WARN_UNREACHABLE_CODE = YES;
				CLANG_WARN__DUPLICATE_METHOD_MATCH = YES;
				COPY_PHASE_STRIP = NO;
				DEBUG_INFORMATION_FORMAT = dwarf;
				ENABLE_STRICT_OBJC_MSGSEND = YES;
				ENABLE_TESTABILITY = YES;
				GCC_C_LANGUAGE_STANDARD = gnu11;
				GCC_DYNAMIC_NO_PIC = NO;
				GCC_NO_COMMON_BLOCKS = YES;
				GCC_OPTIMIZATION_LEVEL = 0;
				GCC_PREPROCESSOR_DEFINITIONS = (
					"DEBUG=1",
					"$(inherited)",
				);
				GCC_WARN_64_TO_32_BIT_CONVERSION = YES;
				GCC_WARN_ABOUT_RETURN_TYPE = YES_ERROR;
				GCC_WARN_UNDECLARED_SELECTOR = YES;
				GCC_WARN_UNINITIALIZED_AUTOS = YES_AGGRESSIVE;
				GCC_WARN_UNUSED_FUNCTION = YES;
				GCC_WARN_UNUSED_VARIABLE = YES;
				IPHONEOS_DEPLOYMENT_TARGET = 15.0;
				MTL_ENABLE_DEBUG_INFO = INCLUDE_SOURCE;
				MTL_FAST_MATH = YES;
				ONLY_ACTIVE_ARCH = YES;
				SDKROOT = iphoneos;
				SWIFT_ACTIVE_COMPILATION_CONDITIONS = DEBUG;
				SWIFT_OPTIMIZATION_LEVEL = "-Onone";
			};
			name = Debug;
		};
		5A38F8A0275BBBF30079182F /* Release */ = {
			isa = XCBuildConfiguration;
			buildSettings = {
				ALWAYS_SEARCH_USER_PATHS = NO;
				CLANG_ANALYZER_NONNULL = YES;
				CLANG_ANALYZER_NUMBER_OBJECT_CONVERSION = YES_AGGRESSIVE;
				CLANG_CXX_LANGUAGE_STANDARD = "gnu++17";
				CLANG_CXX_LIBRARY = "libc++";
				CLANG_ENABLE_MODULES = YES;
				CLANG_ENABLE_OBJC_ARC = YES;
				CLANG_ENABLE_OBJC_WEAK = YES;
				CLANG_WARN_BLOCK_CAPTURE_AUTORELEASING = YES;
				CLANG_WARN_BOOL_CONVERSION = YES;
				CLANG_WARN_COMMA = YES;
				CLANG_WARN_CONSTANT_CONVERSION = YES;
				CLANG_WARN_DEPRECATED_OBJC_IMPLEMENTATIONS = YES;
				CLANG_WARN_DIRECT_OBJC_ISA_USAGE = YES_ERROR;
				CLANG_WARN_DOCUMENTATION_COMMENTS = YES;
				CLANG_WARN_EMPTY_BODY = YES;
				CLANG_WARN_ENUM_CONVERSION = YES;
				CLANG_WARN_INFINITE_RECURSION = YES;
				CLANG_WARN_INT_CONVERSION = YES;
				CLANG_WARN_NON_LITERAL_NULL_CONVERSION = YES;
				CLANG_WARN_OBJC_IMPLICIT_RETAIN_SELF = YES;
				CLANG_WARN_OBJC_LITERAL_CONVERSION = YES;
				CLANG_WARN_OBJC_ROOT_CLASS = YES_ERROR;
				CLANG_WARN_QUOTED_INCLUDE_IN_FRAMEWORK_HEADER = YES;
				CLANG_WARN_RANGE_LOOP_ANALYSIS = YES;
				CLANG_WARN_STRICT_PROTOTYPES = YES;
				CLANG_WARN_SUSPICIOUS_MOVE = YES;
				CLANG_WARN_UNGUARDED_AVAILABILITY = YES_AGGRESSIVE;
				CLANG_WARN_UNREACHABLE_CODE = YES;
				CLANG_WARN__DUPLICATE_METHOD_MATCH = YES;
				COPY_PHASE_STRIP = NO;
				DEBUG_INFORMATION_FORMAT = "dwarf-with-dsym";
				ENABLE_NS_ASSERTIONS = NO;
				ENABLE_STRICT_OBJC_MSGSEND = YES;
				GCC_C_LANGUAGE_STANDARD = gnu11;
				GCC_NO_COMMON_BLOCKS = YES;
				GCC_WARN_64_TO_32_BIT_CONVERSION = YES;
				GCC_WARN_ABOUT_RETURN_TYPE = YES_ERROR;
				GCC_WARN_UNDECLARED_SELECTOR = YES;
				GCC_WARN_UNINITIALIZED_AUTOS = YES_AGGRESSIVE;
				GCC_WARN_UNUSED_FUNCTION = YES;
				GCC_WARN_UNUSED_VARIABLE = YES;
				IPHONEOS_DEPLOYMENT_TARGET = 15.0;
				MTL_ENABLE_DEBUG_INFO = NO;
				MTL_FAST_MATH = YES;
				SDKROOT = iphoneos;
				SWIFT_COMPILATION_MODE = wholemodule;
				SWIFT_OPTIMIZATION_LEVEL = "-O";
				VALIDATE_PRODUCT = YES;
			};
			name = Release;
		};
		5A38F8A2275BBBF30079182F /* Debug */ = {
			isa = XCBuildConfiguration;
			buildSettings = {
				ASSETCATALOG_COMPILER_APPICON_NAME = AppIcon;
				ASSETCATALOG_COMPILER_GLOBAL_ACCENT_COLOR_NAME = AccentColor;
				CODE_SIGN_STYLE = Automatic;
				CURRENT_PROJECT_VERSION = 1;
				DEVELOPMENT_ASSET_PATHS = "\"Bullseye/Preview Content\"";
				DEVELOPMENT_TEAM = PV2Y6Z28VV;
				ENABLE_PREVIEWS = YES;
				GENERATE_INFOPLIST_FILE = YES;
				INFOPLIST_KEY_UIApplicationSceneManifest_Generation = YES;
				INFOPLIST_KEY_UIApplicationSupportsIndirectInputEvents = YES;
				INFOPLIST_KEY_UILaunchScreen_Generation = YES;
				INFOPLIST_KEY_UISupportedInterfaceOrientations_iPad = "UIInterfaceOrientationPortrait UIInterfaceOrientationPortraitUpsideDown UIInterfaceOrientationLandscapeLeft UIInterfaceOrientationLandscapeRight";
				INFOPLIST_KEY_UISupportedInterfaceOrientations_iPhone = "UIInterfaceOrientationPortrait UIInterfaceOrientationLandscapeLeft UIInterfaceOrientationLandscapeRight";
				LD_RUNPATH_SEARCH_PATHS = (
					"$(inherited)",
					"@executable_path/Frameworks",
				);
				MARKETING_VERSION = 1.0;
				PRODUCT_BUNDLE_IDENTIFIER = ph.joash.Bullseye;
				PRODUCT_NAME = "Bull's Eye";
				SWIFT_EMIT_LOC_STRINGS = YES;
				SWIFT_VERSION = 5.0;
				TARGETED_DEVICE_FAMILY = "1,2";
			};
			name = Debug;
		};
		5A38F8A3275BBBF30079182F /* Release */ = {
			isa = XCBuildConfiguration;
			buildSettings = {
				ASSETCATALOG_COMPILER_APPICON_NAME = AppIcon;
				ASSETCATALOG_COMPILER_GLOBAL_ACCENT_COLOR_NAME = AccentColor;
				CODE_SIGN_STYLE = Automatic;
				CURRENT_PROJECT_VERSION = 1;
				DEVELOPMENT_ASSET_PATHS = "\"Bullseye/Preview Content\"";
				DEVELOPMENT_TEAM = PV2Y6Z28VV;
				ENABLE_PREVIEWS = YES;
				GENERATE_INFOPLIST_FILE = YES;
				INFOPLIST_KEY_UIApplicationSceneManifest_Generation = YES;
				INFOPLIST_KEY_UIApplicationSupportsIndirectInputEvents = YES;
				INFOPLIST_KEY_UILaunchScreen_Generation = YES;
				INFOPLIST_KEY_UISupportedInterfaceOrientations_iPad = "UIInterfaceOrientationPortrait UIInterfaceOrientationPortraitUpsideDown UIInterfaceOrientationLandscapeLeft UIInterfaceOrientationLandscapeRight";
				INFOPLIST_KEY_UISupportedInterfaceOrientations_iPhone = "UIInterfaceOrientationPortrait UIInterfaceOrientationLandscapeLeft UIInterfaceOrientationLandscapeRight";
				LD_RUNPATH_SEARCH_PATHS = (
					"$(inherited)",
					"@executable_path/Frameworks",
				);
				MARKETING_VERSION = 1.0;
				PRODUCT_BUNDLE_IDENTIFIER = ph.joash.Bullseye;
				PRODUCT_NAME = "Bull's Eye";
				SWIFT_EMIT_LOC_STRINGS = YES;
				SWIFT_VERSION = 5.0;
				TARGETED_DEVICE_FAMILY = "1,2";
			};
			name = Release;
		};
		5AB322CF2762790200E50AEA /* Debug */ = {
			isa = XCBuildConfiguration;
			buildSettings = {
				BUNDLE_LOADER = "$(TEST_HOST)";
				CODE_SIGN_STYLE = Automatic;
				CURRENT_PROJECT_VERSION = 1;
				DEVELOPMENT_TEAM = PV2Y6Z28VV;
				GENERATE_INFOPLIST_FILE = YES;
				LD_RUNPATH_SEARCH_PATHS = (
					"$(inherited)",
					"@executable_path/Frameworks",
					"@loader_path/Frameworks",
				);
				MARKETING_VERSION = 1.0;
				PRODUCT_BUNDLE_IDENTIFIER = ph.joash.BullseyeTests;
				PRODUCT_NAME = "$(TARGET_NAME)";
				SWIFT_EMIT_LOC_STRINGS = NO;
				SWIFT_VERSION = 5.0;
				TARGETED_DEVICE_FAMILY = "1,2";
				TEST_HOST = "$(BUILT_PRODUCTS_DIR)/Bullseye.app/Bullseye";
			};
			name = Debug;
		};
		5AB322D02762790200E50AEA /* Release */ = {
			isa = XCBuildConfiguration;
			buildSettings = {
				BUNDLE_LOADER = "$(TEST_HOST)";
				CODE_SIGN_STYLE = Automatic;
				CURRENT_PROJECT_VERSION = 1;
				DEVELOPMENT_TEAM = PV2Y6Z28VV;
				GENERATE_INFOPLIST_FILE = YES;
				LD_RUNPATH_SEARCH_PATHS = (
					"$(inherited)",
					"@executable_path/Frameworks",
					"@loader_path/Frameworks",
				);
				MARKETING_VERSION = 1.0;
				PRODUCT_BUNDLE_IDENTIFIER = ph.joash.BullseyeTests;
				PRODUCT_NAME = "$(TARGET_NAME)";
				SWIFT_EMIT_LOC_STRINGS = NO;
				SWIFT_VERSION = 5.0;
				TARGETED_DEVICE_FAMILY = "1,2";
				TEST_HOST = "$(BUILT_PRODUCTS_DIR)/Bullseye.app/Bullseye";
			};
			name = Release;
		};
/* End XCBuildConfiguration section */

/* Begin XCConfigurationList section */
		5A38F88E275BBBF20079182F /* Build configuration list for PBXProject "Bullseye" */ = {
			isa = XCConfigurationList;
			buildConfigurations = (
				5A38F89F275BBBF30079182F /* Debug */,
				5A38F8A0275BBBF30079182F /* Release */,
			);
			defaultConfigurationIsVisible = 0;
			defaultConfigurationName = Release;
		};
		5A38F8A1275BBBF30079182F /* Build configuration list for PBXNativeTarget "Bullseye" */ = {
			isa = XCConfigurationList;
			buildConfigurations = (
				5A38F8A2275BBBF30079182F /* Debug */,
				5A38F8A3275BBBF30079182F /* Release */,
			);
			defaultConfigurationIsVisible = 0;
			defaultConfigurationName = Release;
		};
		5AB322D12762790200E50AEA /* Build configuration list for PBXNativeTarget "BullseyeTests" */ = {
			isa = XCConfigurationList;
			buildConfigurations = (
				5AB322CF2762790200E50AEA /* Debug */,
				5AB322D02762790200E50AEA /* Release */,
			);
			defaultConfigurationIsVisible = 0;
			defaultConfigurationName = Release;
		};
/* End XCConfigurationList section */
	};
	rootObject = 5A38F88B275BBBF20079182F /* Project object */;
}
